// !$*UTF8*$!
{
	archiveVersion = 1;
	classes = {
	};
	objectVersion = 46;
	objects = {

/* Begin PBXBuildFile section */
		1934CD901F6559D5007FC24B /* AppDelegate.swift in Sources */ = {isa = PBXBuildFile; fileRef = 1934CD8F1F6559D5007FC24B /* AppDelegate.swift */; };
		1934CD921F6559D5007FC24B /* ViewController.swift in Sources */ = {isa = PBXBuildFile; fileRef = 1934CD911F6559D5007FC24B /* ViewController.swift */; };
		1934CD951F6559D5007FC24B /* Main.storyboard in Resources */ = {isa = PBXBuildFile; fileRef = 1934CD931F6559D5007FC24B /* Main.storyboard */; };
		1934CD971F6559D5007FC24B /* Assets.xcassets in Resources */ = {isa = PBXBuildFile; fileRef = 1934CD961F6559D5007FC24B /* Assets.xcassets */; };
		1934CD9A1F6559D5007FC24B /* LaunchScreen.storyboard in Resources */ = {isa = PBXBuildFile; fileRef = 1934CD981F6559D5007FC24B /* LaunchScreen.storyboard */; };
		1934CDA51F6559D5007FC24B /* FirebaseAuth_SwiftTests.swift in Sources */ = {isa = PBXBuildFile; fileRef = 1934CDA41F6559D5007FC24B /* FirebaseAuth_SwiftTests.swift */; };
		1934CDB01F6559D5007FC24B /* FirebaseAuth_SwiftUITests.swift in Sources */ = {isa = PBXBuildFile; fileRef = 1934CDAF1F6559D5007FC24B /* FirebaseAuth_SwiftUITests.swift */; };
/* End PBXBuildFile section */

/* Begin PBXContainerItemProxy section */
		1934CDA11F6559D5007FC24B /* PBXContainerItemProxy */ = {
			isa = PBXContainerItemProxy;
			containerPortal = 1934CD841F6559D5007FC24B /* Project object */;
			proxyType = 1;
			remoteGlobalIDString = 1934CD8B1F6559D5007FC24B;
			remoteInfo = "FirebaseAuth Swift";
		};
		1934CDAC1F6559D5007FC24B /* PBXContainerItemProxy */ = {
			isa = PBXContainerItemProxy;
			containerPortal = 1934CD841F6559D5007FC24B /* Project object */;
			proxyType = 1;
			remoteGlobalIDString = 1934CD8B1F6559D5007FC24B;
			remoteInfo = "FirebaseAuth Swift";
		};
/* End PBXContainerItemProxy section */

/* Begin PBXFileReference section */
		1934CD8C1F6559D5007FC24B /* FirebaseAuth Swift.app */ = {isa = PBXFileReference; explicitFileType = wrapper.application; includeInIndex = 0; path = "FirebaseAuth Swift.app"; sourceTree = BUILT_PRODUCTS_DIR; };
		1934CD8F1F6559D5007FC24B /* AppDelegate.swift */ = {isa = PBXFileReference; lastKnownFileType = sourcecode.swift; path = AppDelegate.swift; sourceTree = "<group>"; };
		1934CD911F6559D5007FC24B /* ViewController.swift */ = {isa = PBXFileReference; lastKnownFileType = sourcecode.swift; path = ViewController.swift; sourceTree = "<group>"; };
		1934CD941F6559D5007FC24B /* Base */ = {isa = PBXFileReference; lastKnownFileType = file.storyboard; name = Base; path = Base.lproj/Main.storyboard; sourceTree = "<group>"; };
		1934CD961F6559D5007FC24B /* Assets.xcassets */ = {isa = PBXFileReference; lastKnownFileType = folder.assetcatalog; path = Assets.xcassets; sourceTree = "<group>"; };
		1934CD991F6559D5007FC24B /* Base */ = {isa = PBXFileReference; lastKnownFileType = file.storyboard; name = Base; path = Base.lproj/LaunchScreen.storyboard; sourceTree = "<group>"; };
		1934CD9B1F6559D5007FC24B /* Info.plist */ = {isa = PBXFileReference; lastKnownFileType = text.plist.xml; path = Info.plist; sourceTree = "<group>"; };
		1934CDA01F6559D5007FC24B /* FirebaseAuth SwiftTests.xctest */ = {isa = PBXFileReference; explicitFileType = wrapper.cfbundle; includeInIndex = 0; path = "FirebaseAuth SwiftTests.xctest"; sourceTree = BUILT_PRODUCTS_DIR; };
		1934CDA41F6559D5007FC24B /* FirebaseAuth_SwiftTests.swift */ = {isa = PBXFileReference; lastKnownFileType = sourcecode.swift; path = FirebaseAuth_SwiftTests.swift; sourceTree = "<group>"; };
		1934CDA61F6559D5007FC24B /* Info.plist */ = {isa = PBXFileReference; lastKnownFileType = text.plist.xml; path = Info.plist; sourceTree = "<group>"; };
		1934CDAB1F6559D5007FC24B /* FirebaseAuth SwiftUITests.xctest */ = {isa = PBXFileReference; explicitFileType = wrapper.cfbundle; includeInIndex = 0; path = "FirebaseAuth SwiftUITests.xctest"; sourceTree = BUILT_PRODUCTS_DIR; };
		1934CDAF1F6559D5007FC24B /* FirebaseAuth_SwiftUITests.swift */ = {isa = PBXFileReference; lastKnownFileType = sourcecode.swift; path = FirebaseAuth_SwiftUITests.swift; sourceTree = "<group>"; };
		1934CDB11F6559D5007FC24B /* Info.plist */ = {isa = PBXFileReference; lastKnownFileType = text.plist.xml; path = Info.plist; sourceTree = "<group>"; };
/* End PBXFileReference section */

/* Begin PBXFrameworksBuildPhase section */
		1934CD891F6559D5007FC24B /* Frameworks */ = {
			isa = PBXFrameworksBuildPhase;
			buildActionMask = 2147483647;
			files = (
			);
			runOnlyForDeploymentPostprocessing = 0;
		};
		1934CD9D1F6559D5007FC24B /* Frameworks */ = {
			isa = PBXFrameworksBuildPhase;
			buildActionMask = 2147483647;
			files = (
			);
			runOnlyForDeploymentPostprocessing = 0;
		};
		1934CDA81F6559D5007FC24B /* Frameworks */ = {
			isa = PBXFrameworksBuildPhase;
			buildActionMask = 2147483647;
			files = (
			);
			runOnlyForDeploymentPostprocessing = 0;
		};
/* End PBXFrameworksBuildPhase section */

/* Begin PBXGroup section */
		1934CD831F6559D5007FC24B = {
			isa = PBXGroup;
			children = (
				1934CD8E1F6559D5007FC24B /* FirebaseAuth Swift */,
				1934CDA31F6559D5007FC24B /* FirebaseAuth SwiftTests */,
				1934CDAE1F6559D5007FC24B /* FirebaseAuth SwiftUITests */,
				1934CD8D1F6559D5007FC24B /* Products */,
			);
			sourceTree = "<group>";
		};
		1934CD8D1F6559D5007FC24B /* Products */ = {
			isa = PBXGroup;
			children = (
				1934CD8C1F6559D5007FC24B /* FirebaseAuth Swift.app */,
				1934CDA01F6559D5007FC24B /* FirebaseAuth SwiftTests.xctest */,
				1934CDAB1F6559D5007FC24B /* FirebaseAuth SwiftUITests.xctest */,
			);
			name = Products;
			sourceTree = "<group>";
		};
		1934CD8E1F6559D5007FC24B /* FirebaseAuth Swift */ = {
			isa = PBXGroup;
			children = (
				1934CD8F1F6559D5007FC24B /* AppDelegate.swift */,
				1934CD911F6559D5007FC24B /* ViewController.swift */,
				1934CD931F6559D5007FC24B /* Main.storyboard */,
				1934CD961F6559D5007FC24B /* Assets.xcassets */,
				1934CD981F6559D5007FC24B /* LaunchScreen.storyboard */,
				1934CD9B1F6559D5007FC24B /* Info.plist */,
			);
			path = "FirebaseAuth Swift";
			sourceTree = "<group>";
		};
		1934CDA31F6559D5007FC24B /* FirebaseAuth SwiftTests */ = {
			isa = PBXGroup;
			children = (
				1934CDA41F6559D5007FC24B /* FirebaseAuth_SwiftTests.swift */,
				1934CDA61F6559D5007FC24B /* Info.plist */,
			);
			path = "FirebaseAuth SwiftTests";
			sourceTree = "<group>";
		};
		1934CDAE1F6559D5007FC24B /* FirebaseAuth SwiftUITests */ = {
			isa = PBXGroup;
			children = (
				1934CDAF1F6559D5007FC24B /* FirebaseAuth_SwiftUITests.swift */,
				1934CDB11F6559D5007FC24B /* Info.plist */,
			);
			path = "FirebaseAuth SwiftUITests";
			sourceTree = "<group>";
		};
/* End PBXGroup section */

/* Begin PBXNativeTarget section */
		1934CD8B1F6559D5007FC24B /* FirebaseAuth Swift */ = {
			isa = PBXNativeTarget;
			buildConfigurationList = 1934CDB41F6559D5007FC24B /* Build configuration list for PBXNativeTarget "FirebaseAuth Swift" */;
			buildPhases = (
				1934CD881F6559D5007FC24B /* Sources */,
				1934CD891F6559D5007FC24B /* Frameworks */,
				1934CD8A1F6559D5007FC24B /* Resources */,
			);
			buildRules = (
			);
			dependencies = (
			);
			name = "FirebaseAuth Swift";
			productName = "FirebaseAuth Swift";
			productReference = 1934CD8C1F6559D5007FC24B /* FirebaseAuth Swift.app */;
			productType = "com.apple.product-type.application";
		};
		1934CD9F1F6559D5007FC24B /* FirebaseAuth SwiftTests */ = {
			isa = PBXNativeTarget;
			buildConfigurationList = 1934CDB71F6559D5007FC24B /* Build configuration list for PBXNativeTarget "FirebaseAuth SwiftTests" */;
			buildPhases = (
				1934CD9C1F6559D5007FC24B /* Sources */,
				1934CD9D1F6559D5007FC24B /* Frameworks */,
				1934CD9E1F6559D5007FC24B /* Resources */,
			);
			buildRules = (
			);
			dependencies = (
				1934CDA21F6559D5007FC24B /* PBXTargetDependency */,
			);
			name = "FirebaseAuth SwiftTests";
			productName = "FirebaseAuth SwiftTests";
			productReference = 1934CDA01F6559D5007FC24B /* FirebaseAuth SwiftTests.xctest */;
			productType = "com.apple.product-type.bundle.unit-test";
		};
		1934CDAA1F6559D5007FC24B /* FirebaseAuth SwiftUITests */ = {
			isa = PBXNativeTarget;
			buildConfigurationList = 1934CDBA1F6559D5007FC24B /* Build configuration list for PBXNativeTarget "FirebaseAuth SwiftUITests" */;
			buildPhases = (
				1934CDA71F6559D5007FC24B /* Sources */,
				1934CDA81F6559D5007FC24B /* Frameworks */,
				1934CDA91F6559D5007FC24B /* Resources */,
			);
			buildRules = (
			);
			dependencies = (
				1934CDAD1F6559D5007FC24B /* PBXTargetDependency */,
			);
			name = "FirebaseAuth SwiftUITests";
			productName = "FirebaseAuth SwiftUITests";
			productReference = 1934CDAB1F6559D5007FC24B /* FirebaseAuth SwiftUITests.xctest */;
			productType = "com.apple.product-type.bundle.ui-testing";
		};
/* End PBXNativeTarget section */

/* Begin PBXProject section */
		1934CD841F6559D5007FC24B /* Project object */ = {
			isa = PBXProject;
			attributes = {
				LastSwiftUpdateCheck = 0830;
				LastUpgradeCheck = 0830;
				ORGANIZATIONNAME = aytunccan.kir;
				TargetAttributes = {
					1934CD8B1F6559D5007FC24B = {
						CreatedOnToolsVersion = 8.3.1;
						DevelopmentTeam = 6S46CU5JW9;
						ProvisioningStyle = Automatic;
					};
					1934CD9F1F6559D5007FC24B = {
						CreatedOnToolsVersion = 8.3.1;
						DevelopmentTeam = 6S46CU5JW9;
						ProvisioningStyle = Automatic;
						TestTargetID = 1934CD8B1F6559D5007FC24B;
					};
					1934CDAA1F6559D5007FC24B = {
						CreatedOnToolsVersion = 8.3.1;
						DevelopmentTeam = 6S46CU5JW9;
						ProvisioningStyle = Automatic;
						TestTargetID = 1934CD8B1F6559D5007FC24B;
					};
				};
			};
			buildConfigurationList = 1934CD871F6559D5007FC24B /* Build configuration list for PBXProject "FirebaseAuth Swift" */;
			compatibilityVersion = "Xcode 3.2";
			developmentRegion = English;
			hasScannedForEncodings = 0;
			knownRegions = (
				en,
				Base,
			);
			mainGroup = 1934CD831F6559D5007FC24B;
			productRefGroup = 1934CD8D1F6559D5007FC24B /* Products */;
			projectDirPath = "";
			projectRoot = "";
			targets = (
				1934CD8B1F6559D5007FC24B /* FirebaseAuth Swift */,
				1934CD9F1F6559D5007FC24B /* FirebaseAuth SwiftTests */,
				1934CDAA1F6559D5007FC24B /* FirebaseAuth SwiftUITests */,
			);
		};
/* End PBXProject section */

/* Begin PBXResourcesBuildPhase section */
		1934CD8A1F6559D5007FC24B /* Resources */ = {
			isa = PBXResourcesBuildPhase;
			buildActionMask = 2147483647;
			files = (
				1934CD9A1F6559D5007FC24B /* LaunchScreen.storyboard in Resources */,
				1934CD971F6559D5007FC24B /* Assets.xcassets in Resources */,
				1934CD951F6559D5007FC24B /* Main.storyboard in Resources */,
			);
			runOnlyForDeploymentPostprocessing = 0;
		};
		1934CD9E1F6559D5007FC24B /* Resources */ = {
			isa = PBXResourcesBuildPhase;
			buildActionMask = 2147483647;
			files = (
			);
			runOnlyForDeploymentPostprocessing = 0;
		};
		1934CDA91F6559D5007FC24B /* Resources */ = {
			isa = PBXResourcesBuildPhase;
			buildActionMask = 2147483647;
			files = (
			);
			runOnlyForDeploymentPostprocessing = 0;
		};
/* End PBXResourcesBuildPhase section */

/* Begin PBXSourcesBuildPhase section */
		1934CD881F6559D5007FC24B /* Sources */ = {
			isa = PBXSourcesBuildPhase;
			buildActionMask = 2147483647;
			files = (
				1934CD921F6559D5007FC24B /* ViewController.swift in Sources */,
				1934CD901F6559D5007FC24B /* AppDelegate.swift in Sources */,
			);
			runOnlyForDeploymentPostprocessing = 0;
		};
		1934CD9C1F6559D5007FC24B /* Sources */ = {
			isa = PBXSourcesBuildPhase;
			buildActionMask = 2147483647;
			files = (
				1934CDA51F6559D5007FC24B /* FirebaseAuth_SwiftTests.swift in Sources */,
			);
			runOnlyForDeploymentPostprocessing = 0;
		};
		1934CDA71F6559D5007FC24B /* Sources */ = {
			isa = PBXSourcesBuildPhase;
			buildActionMask = 2147483647;
			files = (
				1934CDB01F6559D5007FC24B /* FirebaseAuth_SwiftUITests.swift in Sources */,
			);
			runOnlyForDeploymentPostprocessing = 0;
		};
/* End PBXSourcesBuildPhase section */

/* Begin PBXTargetDependency section */
		1934CDA21F6559D5007FC24B /* PBXTargetDependency */ = {
			isa = PBXTargetDependency;
			target = 1934CD8B1F6559D5007FC24B /* FirebaseAuth Swift */;
			targetProxy = 1934CDA11F6559D5007FC24B /* PBXContainerItemProxy */;
		};
		1934CDAD1F6559D5007FC24B /* PBXTargetDependency */ = {
			isa = PBXTargetDependency;
			target = 1934CD8B1F6559D5007FC24B /* FirebaseAuth Swift */;
			targetProxy = 1934CDAC1F6559D5007FC24B /* PBXContainerItemProxy */;
		};
/* End PBXTargetDependency section */

/* Begin PBXVariantGroup section */
		1934CD931F6559D5007FC24B /* Main.storyboard */ = {
			isa = PBXVariantGroup;
			children = (
				1934CD941F6559D5007FC24B /* Base */,
			);
			name = Main.storyboard;
			sourceTree = "<group>";
		};
		1934CD981F6559D5007FC24B /* LaunchScreen.storyboard */ = {
			isa = PBXVariantGroup;
			children = (
				1934CD991F6559D5007FC24B /* Base */,
			);
			name = LaunchScreen.storyboard;
			sourceTree = "<group>";
		};
/* End PBXVariantGroup section */

/* Begin XCBuildConfiguration section */
		1934CDB21F6559D5007FC24B /* Debug */ = {
			isa = XCBuildConfiguration;
			buildSettings = {
				ALWAYS_SEARCH_USER_PATHS = NO;
				CLANG_ANALYZER_NONNULL = YES;
				CLANG_ANALYZER_NUMBER_OBJECT_CONVERSION = YES_AGGRESSIVE;
				CLANG_CXX_LANGUAGE_STANDARD = "gnu++0x";
				CLANG_CXX_LIBRARY = "libc++";
				CLANG_ENABLE_MODULES = YES;
				CLANG_ENABLE_OBJC_ARC = YES;
				CLANG_WARN_BOOL_CONVERSION = YES;
				CLANG_WARN_CONSTANT_CONVERSION = YES;
				CLANG_WARN_DIRECT_OBJC_ISA_USAGE = YES_ERROR;
				CLANG_WARN_DOCUMENTATION_COMMENTS = YES;
				CLANG_WARN_EMPTY_BODY = YES;
				CLANG_WARN_ENUM_CONVERSION = YES;
				CLANG_WARN_INFINITE_RECURSION = YES;
				CLANG_WARN_INT_CONVERSION = YES;
				CLANG_WARN_OBJC_ROOT_CLASS = YES_ERROR;
				CLANG_WARN_SUSPICIOUS_MOVE = YES;
				CLANG_WARN_UNREACHABLE_CODE = YES;
				CLANG_WARN__DUPLICATE_METHOD_MATCH = YES;
				"CODE_SIGN_IDENTITY[sdk=iphoneos*]" = "iPhone Developer";
				COPY_PHASE_STRIP = NO;
				DEBUG_INFORMATION_FORMAT = dwarf;
				ENABLE_STRICT_OBJC_MSGSEND = YES;
				ENABLE_TESTABILITY = YES;
				GCC_C_LANGUAGE_STANDARD = gnu99;
				GCC_DYNAMIC_NO_PIC = NO;
				GCC_NO_COMMON_BLOCKS = YES;
				GCC_OPTIMIZATION_LEVEL = 0;
				GCC_PREPROCESSOR_DEFINITIONS = (
					"DEBUG=1",
					"$(inherited)",
				);
				GCC_WARN_64_TO_32_BIT_CONVERSION = YES;
				GCC_WARN_ABOUT_RETURN_TYPE = YES_ERROR;
				GCC_WARN_UNDECLARED_SELECTOR = YES;
				GCC_WARN_UNINITIALIZED_AUTOS = YES_AGGRESSIVE;
				GCC_WARN_UNUSED_FUNCTION = YES;
				GCC_WARN_UNUSED_VARIABLE = YES;
				IPHONEOS_DEPLOYMENT_TARGET = 10.3;
				MTL_ENABLE_DEBUG_INFO = YES;
				ONLY_ACTIVE_ARCH = YES;
				SDKROOT = iphoneos;
				SWIFT_ACTIVE_COMPILATION_CONDITIONS = DEBUG;
				SWIFT_OPTIMIZATION_LEVEL = "-Onone";
			};
			name = Debug;
		};
		1934CDB31F6559D5007FC24B /* Release */ = {
			isa = XCBuildConfiguration;
			buildSettings = {
				ALWAYS_SEARCH_USER_PATHS = NO;
				CLANG_ANALYZER_NONNULL = YES;
				CLANG_ANALYZER_NUMBER_OBJECT_CONVERSION = YES_AGGRESSIVE;
				CLANG_CXX_LANGUAGE_STANDARD = "gnu++0x";
				CLANG_CXX_LIBRARY = "libc++";
				CLANG_ENABLE_MODULES = YES;
				CLANG_ENABLE_OBJC_ARC = YES;
				CLANG_WARN_BOOL_CONVERSION = YES;
				CLANG_WARN_CONSTANT_CONVERSION = YES;
				CLANG_WARN_DIRECT_OBJC_ISA_USAGE = YES_ERROR;
				CLANG_WARN_DOCUMENTATION_COMMENTS = YES;
				CLANG_WARN_EMPTY_BODY = YES;
				CLANG_WARN_ENUM_CONVERSION = YES;
				CLANG_WARN_INFINITE_RECURSION = YES;
				CLANG_WARN_INT_CONVERSION = YES;
				CLANG_WARN_OBJC_ROOT_CLASS = YES_ERROR;
				CLANG_WARN_SUSPICIOUS_MOVE = YES;
				CLANG_WARN_UNREACHABLE_CODE = YES;
				CLANG_WARN__DUPLICATE_METHOD_MATCH = YES;
				"CODE_SIGN_IDENTITY[sdk=iphoneos*]" = "iPhone Developer";
				COPY_PHASE_STRIP = NO;
				DEBUG_INFORMATION_FORMAT = "dwarf-with-dsym";
				ENABLE_NS_ASSERTIONS = NO;
				ENABLE_STRICT_OBJC_MSGSEND = YES;
				GCC_C_LANGUAGE_STANDARD = gnu99;
				GCC_NO_COMMON_BLOCKS = YES;
				GCC_WARN_64_TO_32_BIT_CONVERSION = YES;
				GCC_WARN_ABOUT_RETURN_TYPE = YES_ERROR;
				GCC_WARN_UNDECLARED_SELECTOR = YES;
				GCC_WARN_UNINITIALIZED_AUTOS = YES_AGGRESSIVE;
				GCC_WARN_UNUSED_FUNCTION = YES;
				GCC_WARN_UNUSED_VARIABLE = YES;
				IPHONEOS_DEPLOYMENT_TARGET = 10.3;
				MTL_ENABLE_DEBUG_INFO = NO;
				SDKROOT = iphoneos;
				SWIFT_OPTIMIZATION_LEVEL = "-Owholemodule";
				VALIDATE_PRODUCT = YES;
			};
			name = Release;
		};
		1934CDB51F6559D5007FC24B /* Debug */ = {
			isa = XCBuildConfiguration;
			buildSettings = {
				ASSETCATALOG_COMPILER_APPICON_NAME = AppIcon;
				DEVELOPMENT_TEAM = 6S46CU5JW9;
				INFOPLIST_FILE = "FirebaseAuth Swift/Info.plist";
				LD_RUNPATH_SEARCH_PATHS = "$(inherited) @executable_path/Frameworks";
				PRODUCT_BUNDLE_IDENTIFIER = "com.aytunccankir.FirebaseAuth-Swift";
				PRODUCT_NAME = "$(TARGET_NAME)";
				SWIFT_VERSION = 3.0;
			};
			name = Debug;
		};
		1934CDB61F6559D5007FC24B /* Release */ = {
			isa = XCBuildConfiguration;
			buildSettings = {
				ASSETCATALOG_COMPILER_APPICON_NAME = AppIcon;
				DEVELOPMENT_TEAM = 6S46CU5JW9;
				INFOPLIST_FILE = "FirebaseAuth Swift/Info.plist";
				LD_RUNPATH_SEARCH_PATHS = "$(inherited) @executable_path/Frameworks";
				PRODUCT_BUNDLE_IDENTIFIER = "com.aytunccankir.FirebaseAuth-Swift";
				PRODUCT_NAME = "$(TARGET_NAME)";
				SWIFT_VERSION = 3.0;
			};
			name = Release;
		};
		1934CDB81F6559D5007FC24B /* Debug */ = {
			isa = XCBuildConfiguration;
			buildSettings = {
				ALWAYS_EMBED_SWIFT_STANDARD_LIBRARIES = YES;
				BUNDLE_LOADER = "$(TEST_HOST)";
				DEVELOPMENT_TEAM = 6S46CU5JW9;
				INFOPLIST_FILE = "FirebaseAuth SwiftTests/Info.plist";
				LD_RUNPATH_SEARCH_PATHS = "$(inherited) @executable_path/Frameworks @loader_path/Frameworks";
				PRODUCT_BUNDLE_IDENTIFIER = "com.aytunccankir.FirebaseAuth-SwiftTests";
				PRODUCT_NAME = "$(TARGET_NAME)";
				SWIFT_VERSION = 3.0;
				TEST_HOST = "$(BUILT_PRODUCTS_DIR)/FirebaseAuth Swift.app/FirebaseAuth Swift";
			};
			name = Debug;
		};
		1934CDB91F6559D5007FC24B /* Release */ = {
			isa = XCBuildConfiguration;
			buildSettings = {
				ALWAYS_EMBED_SWIFT_STANDARD_LIBRARIES = YES;
				BUNDLE_LOADER = "$(TEST_HOST)";
				DEVELOPMENT_TEAM = 6S46CU5JW9;
				INFOPLIST_FILE = "FirebaseAuth SwiftTests/Info.plist";
				LD_RUNPATH_SEARCH_PATHS = "$(inherited) @executable_path/Frameworks @loader_path/Frameworks";
				PRODUCT_BUNDLE_IDENTIFIER = "com.aytunccankir.FirebaseAuth-SwiftTests";
				PRODUCT_NAME = "$(TARGET_NAME)";
				SWIFT_VERSION = 3.0;
				TEST_HOST = "$(BUILT_PRODUCTS_DIR)/FirebaseAuth Swift.app/FirebaseAuth Swift";
			};
			name = Release;
		};
		1934CDBB1F6559D5007FC24B /* Debug */ = {
			isa = XCBuildConfiguration;
			buildSettings = {
				ALWAYS_EMBED_SWIFT_STANDARD_LIBRARIES = YES;
				DEVELOPMENT_TEAM = 6S46CU5JW9;
				INFOPLIST_FILE = "FirebaseAuth SwiftUITests/Info.plist";
				LD_RUNPATH_SEARCH_PATHS = "$(inherited) @executable_path/Frameworks @loader_path/Frameworks";
				PRODUCT_BUNDLE_IDENTIFIER = "com.aytunccankir.FirebaseAuth-SwiftUITests";
				PRODUCT_NAME = "$(TARGET_NAME)";
				SWIFT_VERSION = 3.0;
				TEST_TARGET_NAME = "FirebaseAuth Swift";
			};
			name = Debug;
		};
		1934CDBC1F6559D5007FC24B /* Release */ = {
			isa = XCBuildConfiguration;
			buildSettings = {
				ALWAYS_EMBED_SWIFT_STANDARD_LIBRARIES = YES;
				DEVELOPMENT_TEAM = 6S46CU5JW9;
				INFOPLIST_FILE = "FirebaseAuth SwiftUITests/Info.plist";
				LD_RUNPATH_SEARCH_PATHS = "$(inherited) @executable_path/Frameworks @loader_path/Frameworks";
				PRODUCT_BUNDLE_IDENTIFIER = "com.aytunccankir.FirebaseAuth-SwiftUITests";
				PRODUCT_NAME = "$(TARGET_NAME)";
				SWIFT_VERSION = 3.0;
				TEST_TARGET_NAME = "FirebaseAuth Swift";
			};
			name = Release;
		};
/* End XCBuildConfiguration section */

/* Begin XCConfigurationList section */
		1934CD871F6559D5007FC24B /* Build configuration list for PBXProject "FirebaseAuth Swift" */ = {
			isa = XCConfigurationList;
			buildConfigurations = (
				1934CDB21F6559D5007FC24B /* Debug */,
				1934CDB31F6559D5007FC24B /* Release */,
			);
			defaultConfigurationIsVisible = 0;
			defaultConfigurationName = Release;
		};
		1934CDB41F6559D5007FC24B /* Build configuration list for PBXNativeTarget "FirebaseAuth Swift" */ = {
			isa = XCConfigurationList;
			buildConfigurations = (
				1934CDB51F6559D5007FC24B /* Debug */,
				1934CDB61F6559D5007FC24B /* Release */,
			);
			defaultConfigurationIsVisible = 0;
		};
		1934CDB71F6559D5007FC24B /* Build configuration list for PBXNativeTarget "FirebaseAuth SwiftTests" */ = {
			isa = XCConfigurationList;
			buildConfigurations = (
				1934CDB81F6559D5007FC24B /* Debug */,
				1934CDB91F6559D5007FC24B /* Release */,
			);
			defaultConfigurationIsVisible = 0;
		};
		1934CDBA1F6559D5007FC24B /* Build configuration list for PBXNativeTarget "FirebaseAuth SwiftUITests" */ = {
			isa = XCConfigurationList;
			buildConfigurations = (
				1934CDBB1F6559D5007FC24B /* Debug */,
				1934CDBC1F6559D5007FC24B /* Release */,
			);
			defaultConfigurationIsVisible = 0;
		};
/* End XCConfigurationList section */
	};
	rootObject = 1934CD841F6559D5007FC24B /* Project object */;
}
